
Microsoft Visual Studio Solution File, Format Version 12.00
# Visual Studio 14
VisualStudioVersion = 14.0.23107.0
MinimumVisualStudioVersion = 10.0.40219.1
Project("{FAE04EC0-301F-11D3-BF4B-00C04F79EFBC}") = "SpeechApp", "SpeechApp.csproj", "{8D7BD652-3433-40CE-AA8F-352BE055F2D0}"
EndProject
Project("{FAE04EC0-301F-11D3-BF4B-00C04F79EFBC}") = "SpeechControls", "..\SpeechControls\SpeechControls.csproj", "{717BA1A7-DD1D-4149-95F4-6BCA1AC3EEF1}"
EndProject
Project("{FAE04EC0-301F-11D3-BF4B-00C04F79EFBC}") = "SpeechInfrastructure", "..\SpeechInfrastructure\SpeechInfrastructure.csproj", "{8635C78D-EC1A-4748-A27C-09206066EAE8}"
EndProject
Project("{FAE04EC0-301F-11D3-BF4B-00C04F79EFBC}") = "SpeechSTT", "..\SpeechSTT\SpeechSTT.csproj", "{610FD88B-B0CA-4C9E-B521-372972A4C6E9}"
EndProject
Project("{FAE04EC0-301F-11D3-BF4B-00C04F79EFBC}") = "SpeechTTS", "..\SpeechTTS\SpeechTTS.csproj", "{FF72148A-B240-4A59-BB72-5ECC4A000EDF}"
EndProject
Project("{FAE04EC0-301F-11D3-BF4B-00C04F79EFBC}") = "VoiceRecorder.Audio", "..\VoiceRecorder.Audio\VoiceRecorder.Audio.csproj", "{7FD5A356-E699-4519-9CF0-0F73CD8A76BF}"
EndProject
Project("{FAE04EC0-301F-11D3-BF4B-00C04F79EFBC}") = "VoiceRecorder.Core", "..\VoiceRecorder.Core\VoiceRecorder.Core.csproj", "{E61C987D-E008-4605-86D4-1E12286B67FA}"
EndProject
Project("{FAE04EC0-301F-11D3-BF4B-00C04F79EFBC}") = "SpeechRecording", "..\SpeechRecording\SpeechRecording.csproj", "{034ABAA9-9C13-4CB9-80FC-F3107EF82FEB}"
EndProject
Project("{FAE04EC0-301F-11D3-BF4B-00C04F79EFBC}") = "SpeechWords", "..\SpeechWords\SpeechWords.csproj", "{D6FF65BD-7E55-4B3A-8785-0A18797E2FFF}"
EndProject
Project("{FAE04EC0-301F-11D3-BF4B-00C04F79EFBC}") = "SpeechVideos", "SpeechVideos\SpeechVideos.csproj", "{BA63B58B-6074-455D-88C1-5958716E5FB8}"
EndProject
Project("{FAE04EC0-301F-11D3-BF4B-00C04F79EFBC}") = "SpeechIdioms", "..\SpeechIdioms\SpeechIdioms.csproj", "{4FE225A6-0847-415B-950D-250DACC6D1F8}"
EndProject
Project("{FAE04EC0-301F-11D3-BF4B-00C04F79EFBC}") = "Pronunciation", "..\Pronunciation\Pronunciation.csproj", "{D7CB9B0A-8B69-48EC-8885-83B455E8FD0B}"
EndProject
Project("{FAE04EC0-301F-11D3-BF4B-00C04F79EFBC}") = "GrammarBasics", "..\GrammarBasics\GrammarBasics.csproj", "{C64B0D11-8ED6-4FC1-9293-BBADBA0FC8E5}"
EndProject
Project("{FAE04EC0-301F-11D3-BF4B-00C04F79EFBC}") = "Parents", "..\Parents\Parents.csproj", "{EB610BE0-8A67-4788-BCC1-4B804134EA96}"
EndProject
Project("{FAE04EC0-301F-11D3-BF4B-00C04F79EFBC}") = "StudentInfo", "..\StudentInfo\StudentInfo.csproj", "{6662A882-2C78-47B9-B5C7-809443B28BE8}"
EndProject
Project("{FAE04EC0-301F-11D3-BF4B-00C04F79EFBC}") = "ClassProject", "..\ClassProject\ClassProject.csproj", "{4F800F06-5466-4C19-8EC0-C0B62237909A}"
EndProject
Global
	GlobalSection(SolutionConfigurationPlatforms) = preSolution
		Debug|Any CPU = Debug|Any CPU
		Release|Any CPU = Release|Any CPU
	EndGlobalSection
	GlobalSection(ProjectConfigurationPlatforms) = postSolution
		{8D7BD652-3433-40CE-AA8F-352BE055F2D0}.Debug|Any CPU.ActiveCfg = Debug|Any CPU
		{8D7BD652-3433-40CE-AA8F-352BE055F2D0}.Debug|Any CPU.Build.0 = Debug|Any CPU
		{8D7BD652-3433-40CE-AA8F-352BE055F2D0}.Release|Any CPU.ActiveCfg = Release|Any CPU
		{8D7BD652-3433-40CE-AA8F-352BE055F2D0}.Release|Any CPU.Build.0 = Release|Any CPU
		{717BA1A7-DD1D-4149-95F4-6BCA1AC3EEF1}.Debug|Any CPU.ActiveCfg = Debug|Any CPU
		{717BA1A7-DD1D-4149-95F4-6BCA1AC3EEF1}.Debug|Any CPU.Build.0 = Debug|Any CPU
		{717BA1A7-DD1D-4149-95F4-6BCA1AC3EEF1}.Release|Any CPU.ActiveCfg = Release|Any CPU
		{717BA1A7-DD1D-4149-95F4-6BCA1AC3EEF1}.Release|Any CPU.Build.0 = Release|Any CPU
		{8635C78D-EC1A-4748-A27C-09206066EAE8}.Debug|Any CPU.ActiveCfg = Debug|Any CPU
		{8635C78D-EC1A-4748-A27C-09206066EAE8}.Debug|Any CPU.Build.0 = Debug|Any CPU
		{8635C78D-EC1A-4748-A27C-09206066EAE8}.Release|Any CPU.ActiveCfg = Release|Any CPU
		{8635C78D-EC1A-4748-A27C-09206066EAE8}.Release|Any CPU.Build.0 = Release|Any CPU
		{610FD88B-B0CA-4C9E-B521-372972A4C6E9}.Debug|Any CPU.ActiveCfg = Debug|Any CPU
		{610FD88B-B0CA-4C9E-B521-372972A4C6E9}.Debug|Any CPU.Build.0 = Debug|Any CPU
		{610FD88B-B0CA-4C9E-B521-372972A4C6E9}.Release|Any CPU.ActiveCfg = Release|Any CPU
		{610FD88B-B0CA-4C9E-B521-372972A4C6E9}.Release|Any CPU.Build.0 = Release|Any CPU
		{FF72148A-B240-4A59-BB72-5ECC4A000EDF}.Debug|Any CPU.ActiveCfg = Debug|Any CPU
		{FF72148A-B240-4A59-BB72-5ECC4A000EDF}.Debug|Any CPU.Build.0 = Debug|Any CPU
		{FF72148A-B240-4A59-BB72-5ECC4A000EDF}.Release|Any CPU.ActiveCfg = Release|Any CPU
		{FF72148A-B240-4A59-BB72-5ECC4A000EDF}.Release|Any CPU.Build.0 = Release|Any CPU
		{7FD5A356-E699-4519-9CF0-0F73CD8A76BF}.Debug|Any CPU.ActiveCfg = Debug|Any CPU
		{7FD5A356-E699-4519-9CF0-0F73CD8A76BF}.Debug|Any CPU.Build.0 = Debug|Any CPU
		{7FD5A356-E699-4519-9CF0-0F73CD8A76BF}.Release|Any CPU.ActiveCfg = Release|Any CPU
		{7FD5A356-E699-4519-9CF0-0F73CD8A76BF}.Release|Any CPU.Build.0 = Release|Any CPU
		{E61C987D-E008-4605-86D4-1E12286B67FA}.Debug|Any CPU.ActiveCfg = Debug|Any CPU
		{E61C987D-E008-4605-86D4-1E12286B67FA}.Debug|Any CPU.Build.0 = Debug|Any CPU
		{E61C987D-E008-4605-86D4-1E12286B67FA}.Release|Any CPU.ActiveCfg = Release|Any CPU
		{E61C987D-E008-4605-86D4-1E12286B67FA}.Release|Any CPU.Build.0 = Release|Any CPU
		{034ABAA9-9C13-4CB9-80FC-F3107EF82FEB}.Debug|Any CPU.ActiveCfg = Debug|Any CPU
		{034ABAA9-9C13-4CB9-80FC-F3107EF82FEB}.Debug|Any CPU.Build.0 = Debug|Any CPU
		{034ABAA9-9C13-4CB9-80FC-F3107EF82FEB}.Release|Any CPU.ActiveCfg = Release|Any CPU
		{034ABAA9-9C13-4CB9-80FC-F3107EF82FEB}.Release|Any CPU.Build.0 = Release|Any CPU
		{D6FF65BD-7E55-4B3A-8785-0A18797E2FFF}.Debug|Any CPU.ActiveCfg = Debug|Any CPU
		{D6FF65BD-7E55-4B3A-8785-0A18797E2FFF}.Debug|Any CPU.Build.0 = Debug|Any CPU
		{D6FF65BD-7E55-4B3A-8785-0A18797E2FFF}.Release|Any CPU.ActiveCfg = Release|Any CPU
		{D6FF65BD-7E55-4B3A-8785-0A18797E2FFF}.Release|Any CPU.Build.0 = Release|Any CPU
		{BA63B58B-6074-455D-88C1-5958716E5FB8}.Debug|Any CPU.ActiveCfg = Debug|Any CPU
		{BA63B58B-6074-455D-88C1-5958716E5FB8}.Debug|Any CPU.Build.0 = Debug|Any CPU
		{BA63B58B-6074-455D-88C1-5958716E5FB8}.Release|Any CPU.ActiveCfg = Release|Any CPU
		{BA63B58B-6074-455D-88C1-5958716E5FB8}.Release|Any CPU.Build.0 = Release|Any CPU
		{4FE225A6-0847-415B-950D-250DACC6D1F8}.Debug|Any CPU.ActiveCfg = Debug|Any CPU
		{4FE225A6-0847-415B-950D-250DACC6D1F8}.Debug|Any CPU.Build.0 = Debug|Any CPU
		{4FE225A6-0847-415B-950D-250DACC6D1F8}.Release|Any CPU.ActiveCfg = Release|Any CPU
		{4FE225A6-0847-415B-950D-250DACC6D1F8}.Release|Any CPU.Build.0 = Release|Any CPU
		{D7CB9B0A-8B69-48EC-8885-83B455E8FD0B}.Debug|Any CPU.ActiveCfg = Debug|Any CPU
		{D7CB9B0A-8B69-48EC-8885-83B455E8FD0B}.Debug|Any CPU.Build.0 = Debug|Any CPU
		{D7CB9B0A-8B69-48EC-8885-83B455E8FD0B}.Release|Any CPU.ActiveCfg = Release|Any CPU
		{D7CB9B0A-8B69-48EC-8885-83B455E8FD0B}.Release|Any CPU.Build.0 = Release|Any CPU
		{C64B0D11-8ED6-4FC1-9293-BBADBA0FC8E5}.Debug|Any CPU.ActiveCfg = Debug|Any CPU
		{C64B0D11-8ED6-4FC1-9293-BBADBA0FC8E5}.Debug|Any CPU.Build.0 = Debug|Any CPU
		{C64B0D11-8ED6-4FC1-9293-BBADBA0FC8E5}.Release|Any CPU.ActiveCfg = Release|Any CPU
		{C64B0D11-8ED6-4FC1-9293-BBADBA0FC8E5}.Release|Any CPU.Build.0 = Release|Any CPU
		{EB610BE0-8A67-4788-BCC1-4B804134EA96}.Debug|Any CPU.ActiveCfg = Debug|Any CPU
		{EB610BE0-8A67-4788-BCC1-4B804134EA96}.Debug|Any CPU.Build.0 = Debug|Any CPU
		{EB610BE0-8A67-4788-BCC1-4B804134EA96}.Release|Any CPU.ActiveCfg = Release|Any CPU
		{EB610BE0-8A67-4788-BCC1-4B804134EA96}.Release|Any CPU.Build.0 = Release|Any CPU
		{6662A882-2C78-47B9-B5C7-809443B28BE8}.Debug|Any CPU.ActiveCfg = Debug|Any CPU
		{6662A882-2C78-47B9-B5C7-809443B28BE8}.Debug|Any CPU.Build.0 = Debug|Any CPU
		{6662A882-2C78-47B9-B5C7-809443B28BE8}.Release|Any CPU.ActiveCfg = Release|Any CPU
		{6662A882-2C78-47B9-B5C7-809443B28BE8}.Release|Any CPU.Build.0 = Release|Any CPU
		{4F800F06-5466-4C19-8EC0-C0B62237909A}.Debug|Any CPU.ActiveCfg = Debug|Any CPU
		{4F800F06-5466-4C19-8EC0-C0B62237909A}.Debug|Any CPU.Build.0 = Debug|Any CPU
		{4F800F06-5466-4C19-8EC0-C0B62237909A}.Release|Any CPU.ActiveCfg = Release|Any CPU
		{4F800F06-5466-4C19-8EC0-C0B62237909A}.Release|Any CPU.Build.0 = Release|Any CPU
	EndGlobalSection
	GlobalSection(SolutionProperties) = preSolution
		HideSolutionNode = FALSE
	EndGlobalSection
EndGlobal
